// !$*UTF8*$!
{
	archiveVersion = 1;
	classes = {
	};
	objectVersion = 46;
	objects = {

/* Begin PBXBuildFile section */
		2740A2671B399B6A00ECE6EF /* main.m in Sources */ = {isa = PBXBuildFile; fileRef = 2740A2661B399B6A00ECE6EF /* main.m */; };
		2740A26A1B399B6A00ECE6EF /* AppDelegate.m in Sources */ = {isa = PBXBuildFile; fileRef = 2740A2691B399B6A00ECE6EF /* AppDelegate.m */; };
		2740A26D1B399B6A00ECE6EF /* ViewController.m in Sources */ = {isa = PBXBuildFile; fileRef = 2740A26C1B399B6A00ECE6EF /* ViewController.m */; };
		2740A2701B399B6A00ECE6EF /* Main.storyboard in Resources */ = {isa = PBXBuildFile; fileRef = 2740A26E1B399B6A00ECE6EF /* Main.storyboard */; };
		2740A2721B399B6A00ECE6EF /* Images.xcassets in Resources */ = {isa = PBXBuildFile; fileRef = 2740A2711B399B6A00ECE6EF /* Images.xcassets */; };
		2740A2751B399B6A00ECE6EF /* LaunchScreen.xib in Resources */ = {isa = PBXBuildFile; fileRef = 2740A2731B399B6A00ECE6EF /* LaunchScreen.xib */; };
		2740A2811B399B6B00ECE6EF /* ScrollViewsTests.m in Sources */ = {isa = PBXBuildFile; fileRef = 2740A2801B399B6B00ECE6EF /* ScrollViewsTests.m */; };
		2740A28C1B39A9EC00ECE6EF /* ImageDetailViewController.m in Sources */ = {isa = PBXBuildFile; fileRef = 2740A28B1B39A9EC00ECE6EF /* ImageDetailViewController.m */; };
/* End PBXBuildFile section */

/* Begin PBXContainerItemProxy section */
		2740A27B1B399B6B00ECE6EF /* PBXContainerItemProxy */ = {
			isa = PBXContainerItemProxy;
			containerPortal = 2740A2591B399B6A00ECE6EF /* Project object */;
			proxyType = 1;
			remoteGlobalIDString = 2740A2601B399B6A00ECE6EF;
			remoteInfo = ScrollViews;
		};
/* End PBXContainerItemProxy section */

/* Begin PBXFileReference section */
		2740A2611B399B6A00ECE6EF /* ScrollViews.app */ = {isa = PBXFileReference; explicitFileType = wrapper.application; includeInIndex = 0; path = ScrollViews.app; sourceTree = BUILT_PRODUCTS_DIR; };
		2740A2651B399B6A00ECE6EF /* Info.plist */ = {isa = PBXFileReference; lastKnownFileType = text.plist.xml; path = Info.plist; sourceTree = "<group>"; };
		2740A2661B399B6A00ECE6EF /* main.m */ = {isa = PBXFileReference; lastKnownFileType = sourcecode.c.objc; path = main.m; sourceTree = "<group>"; };
		2740A2681B399B6A00ECE6EF /* AppDelegate.h */ = {isa = PBXFileReference; lastKnownFileType = sourcecode.c.h; path = AppDelegate.h; sourceTree = "<group>"; };
		2740A2691B399B6A00ECE6EF /* AppDelegate.m */ = {isa = PBXFileReference; lastKnownFileType = sourcecode.c.objc; path = AppDelegate.m; sourceTree = "<group>"; };
		2740A26B1B399B6A00ECE6EF /* ViewController.h */ = {isa = PBXFileReference; lastKnownFileType = sourcecode.c.h; path = ViewController.h; sourceTree = "<group>"; };
		2740A26C1B399B6A00ECE6EF /* ViewController.m */ = {isa = PBXFileReference; lastKnownFileType = sourcecode.c.objc; path = ViewController.m; sourceTree = "<group>"; };
		2740A26F1B399B6A00ECE6EF /* Base */ = {isa = PBXFileReference; lastKnownFileType = file.storyboard; name = Base; path = Base.lproj/Main.storyboard; sourceTree = "<group>"; };
		2740A2711B399B6A00ECE6EF /* Images.xcassets */ = {isa = PBXFileReference; lastKnownFileType = folder.assetcatalog; path = Images.xcassets; sourceTree = "<group>"; };
		2740A2741B399B6A00ECE6EF /* Base */ = {isa = PBXFileReference; lastKnownFileType = file.xib; name = Base; path = Base.lproj/LaunchScreen.xib; sourceTree = "<group>"; };
		2740A27A1B399B6B00ECE6EF /* ScrollViewsTests.xctest */ = {isa = PBXFileReference; explicitFileType = wrapper.cfbundle; includeInIndex = 0; path = ScrollViewsTests.xctest; sourceTree = BUILT_PRODUCTS_DIR; };
		2740A27F1B399B6B00ECE6EF /* Info.plist */ = {isa = PBXFileReference; lastKnownFileType = text.plist.xml; path = Info.plist; sourceTree = "<group>"; };
		2740A2801B399B6B00ECE6EF /* ScrollViewsTests.m */ = {isa = PBXFileReference; lastKnownFileType = sourcecode.c.objc; path = ScrollViewsTests.m; sourceTree = "<group>"; };
		2740A28A1B39A9EC00ECE6EF /* ImageDetailViewController.h */ = {isa = PBXFileReference; fileEncoding = 4; lastKnownFileType = sourcecode.c.h; path = ImageDetailViewController.h; sourceTree = "<group>"; };
		2740A28B1B39A9EC00ECE6EF /* ImageDetailViewController.m */ = {isa = PBXFileReference; fileEncoding = 4; lastKnownFileType = sourcecode.c.objc; path = ImageDetailViewController.m; sourceTree = "<group>"; };
/* End PBXFileReference section */

/* Begin PBXFrameworksBuildPhase section */
		2740A25E1B399B6A00ECE6EF /* Frameworks */ = {
			isa = PBXFrameworksBuildPhase;
			buildActionMask = 2147483647;
			files = (
			);
			runOnlyForDeploymentPostprocessing = 0;
		};
		2740A2771B399B6B00ECE6EF /* Frameworks */ = {
			isa = PBXFrameworksBuildPhase;
			buildActionMask = 2147483647;
			files = (
			);
			runOnlyForDeploymentPostprocessing = 0;
		};
/* End PBXFrameworksBuildPhase section */

/* Begin PBXGroup section */
		2740A2581B399B6A00ECE6EF = {
			isa = PBXGroup;
			children = (
				2740A2631B399B6A00ECE6EF /* ScrollViews */,
				2740A27D1B399B6B00ECE6EF /* ScrollViewsTests */,
				2740A2621B399B6A00ECE6EF /* Products */,
			);
			sourceTree = "<group>";
		};
		2740A2621B399B6A00ECE6EF /* Products */ = {
			isa = PBXGroup;
			children = (
				2740A2611B399B6A00ECE6EF /* ScrollViews.app */,
				2740A27A1B399B6B00ECE6EF /* ScrollViewsTests.xctest */,
			);
			name = Products;
			sourceTree = "<group>";
		};
		2740A2631B399B6A00ECE6EF /* ScrollViews */ = {
			isa = PBXGroup;
			children = (
				2740A2681B399B6A00ECE6EF /* AppDelegate.h */,
				2740A2691B399B6A00ECE6EF /* AppDelegate.m */,
				2740A26B1B399B6A00ECE6EF /* ViewController.h */,
				2740A26C1B399B6A00ECE6EF /* ViewController.m */,
				2740A26E1B399B6A00ECE6EF /* Main.storyboard */,
				2740A28A1B39A9EC00ECE6EF /* ImageDetailViewController.h */,
				2740A28B1B39A9EC00ECE6EF /* ImageDetailViewController.m */,
				2740A2711B399B6A00ECE6EF /* Images.xcassets */,
				2740A2731B399B6A00ECE6EF /* LaunchScreen.xib */,
				2740A2641B399B6A00ECE6EF /* Supporting Files */,
			);
			path = ScrollViews;
			sourceTree = "<group>";
		};
		2740A2641B399B6A00ECE6EF /* Supporting Files */ = {
			isa = PBXGroup;
			children = (
				2740A2651B399B6A00ECE6EF /* Info.plist */,
				2740A2661B399B6A00ECE6EF /* main.m */,
			);
			name = "Supporting Files";
			sourceTree = "<group>";
		};
		2740A27D1B399B6B00ECE6EF /* ScrollViewsTests */ = {
			isa = PBXGroup;
			children = (
				2740A2801B399B6B00ECE6EF /* ScrollViewsTests.m */,
				2740A27E1B399B6B00ECE6EF /* Supporting Files */,
			);
			path = ScrollViewsTests;
			sourceTree = "<group>";
		};
		2740A27E1B399B6B00ECE6EF /* Supporting Files */ = {
			isa = PBXGroup;
			children = (
				2740A27F1B399B6B00ECE6EF /* Info.plist */,
			);
			name = "Supporting Files";
			sourceTree = "<group>";
		};
/* End PBXGroup section */

/* Begin PBXNativeTarget section */
		2740A2601B399B6A00ECE6EF /* ScrollViews */ = {
			isa = PBXNativeTarget;
			buildConfigurationList = 2740A2841B399B6B00ECE6EF /* Build configuration list for PBXNativeTarget "ScrollViews" */;
			buildPhases = (
				2740A25D1B399B6A00ECE6EF /* Sources */,
				2740A25E1B399B6A00ECE6EF /* Frameworks */,
				2740A25F1B399B6A00ECE6EF /* Resources */,
			);
			buildRules = (
			);
			dependencies = (
			);
			name = ScrollViews;
			productName = ScrollViews;
			productReference = 2740A2611B399B6A00ECE6EF /* ScrollViews.app */;
			productType = "com.apple.product-type.application";
		};
		2740A2791B399B6B00ECE6EF /* ScrollViewsTests */ = {
			isa = PBXNativeTarget;
			buildConfigurationList = 2740A2871B399B6B00ECE6EF /* Build configuration list for PBXNativeTarget "ScrollViewsTests" */;
			buildPhases = (
				2740A2761B399B6B00ECE6EF /* Sources */,
				2740A2771B399B6B00ECE6EF /* Frameworks */,
				2740A2781B399B6B00ECE6EF /* Resources */,
			);
			buildRules = (
			);
			dependencies = (
				2740A27C1B399B6B00ECE6EF /* PBXTargetDependency */,
			);
			name = ScrollViewsTests;
			productName = ScrollViewsTests;
			productReference = 2740A27A1B399B6B00ECE6EF /* ScrollViewsTests.xctest */;
			productType = "com.apple.product-type.bundle.unit-test";
		};
/* End PBXNativeTarget section */

/* Begin PBXProject section */
		2740A2591B399B6A00ECE6EF /* Project object */ = {
			isa = PBXProject;
			attributes = {
				LastUpgradeCheck = 0630;
				ORGANIZATIONNAME = "Josh Endter";
				TargetAttributes = {
					2740A2601B399B6A00ECE6EF = {
						CreatedOnToolsVersion = 6.3;
					};
					2740A2791B399B6B00ECE6EF = {
						CreatedOnToolsVersion = 6.3;
						TestTargetID = 2740A2601B399B6A00ECE6EF;
					};
				};
			};
			buildConfigurationList = 2740A25C1B399B6A00ECE6EF /* Build configuration list for PBXProject "ScrollViews" */;
			compatibilityVersion = "Xcode 3.2";
			developmentRegion = English;
			hasScannedForEncodings = 0;
			knownRegions = (
				en,
				Base,
			);
			mainGroup = 2740A2581B399B6A00ECE6EF;
			productRefGroup = 2740A2621B399B6A00ECE6EF /* Products */;
			projectDirPath = "";
			projectRoot = "";
			targets = (
				2740A2601B399B6A00ECE6EF /* ScrollViews */,
				2740A2791B399B6B00ECE6EF /* ScrollViewsTests */,
			);
		};
/* End PBXProject section */

/* Begin PBXResourcesBuildPhase section */
		2740A25F1B399B6A00ECE6EF /* Resources */ = {
			isa = PBXResourcesBuildPhase;
			buildActionMask = 2147483647;
			files = (
				2740A2701B399B6A00ECE6EF /* Main.storyboard in Resources */,
				2740A2751B399B6A00ECE6EF /* LaunchScreen.xib in Resources */,
				2740A2721B399B6A00ECE6EF /* Images.xcassets in Resources */,
			);
			runOnlyForDeploymentPostprocessing = 0;
		};
		2740A2781B399B6B00ECE6EF /* Resources */ = {
			isa = PBXResourcesBuildPhase;
			buildActionMask = 2147483647;
			files = (
			);
			runOnlyForDeploymentPostprocessing = 0;
		};
/* End PBXResourcesBuildPhase section */

/* Begin PBXSourcesBuildPhase section */
		2740A25D1B399B6A00ECE6EF /* Sources */ = {
			isa = PBXSourcesBuildPhase;
			buildActionMask = 2147483647;
			files = (
				2740A26D1B399B6A00ECE6EF /* ViewController.m in Sources */,
				2740A26A1B399B6A00ECE6EF /* AppDelegate.m in Sources */,
				2740A2671B399B6A00ECE6EF /* main.m in Sources */,
				2740A28C1B39A9EC00ECE6EF /* ImageDetailViewController.m in Sources */,
			);
			runOnlyForDeploymentPostprocessing = 0;
		};
		2740A2761B399B6B00ECE6EF /* Sources */ = {
			isa = PBXSourcesBuildPhase;
			buildActionMask = 2147483647;
			files = (
				2740A2811B399B6B00ECE6EF /* ScrollViewsTests.m in Sources */,
			);
			runOnlyForDeploymentPostprocessing = 0;
		};
/* End PBXSourcesBuildPhase section */

/* Begin PBXTargetDependency section */
		2740A27C1B399B6B00ECE6EF /* PBXTargetDependency */ = {
			isa = PBXTargetDependency;
			target = 2740A2601B399B6A00ECE6EF /* ScrollViews */;
			targetProxy = 2740A27B1B399B6B00ECE6EF /* PBXContainerItemProxy */;
		};
/* End PBXTargetDependency section */

/* Begin PBXVariantGroup section */
		2740A26E1B399B6A00ECE6EF /* Main.storyboard */ = {
			isa = PBXVariantGroup;
			children = (
				2740A26F1B399B6A00ECE6EF /* Base */,
			);
			name = Main.storyboard;
			sourceTree = "<group>";
		};
		2740A2731B399B6A00ECE6EF /* LaunchScreen.xib */ = {
			isa = PBXVariantGroup;
			children = (
				2740A2741B399B6A00ECE6EF /* Base */,
			);
			name = LaunchScreen.xib;
			sourceTree = "<group>";
		};
/* End PBXVariantGroup section */

/* Begin XCBuildConfiguration section */
		2740A2821B399B6B00ECE6EF /* Debug */ = {
			isa = XCBuildConfiguration;
			buildSettings = {
				ALWAYS_SEARCH_USER_PATHS = NO;
				CLANG_CXX_LANGUAGE_STANDARD = "gnu++0x";
				CLANG_CXX_LIBRARY = "libc++";
				CLANG_ENABLE_MODULES = YES;
				CLANG_ENABLE_OBJC_ARC = YES;
				CLANG_WARN_BOOL_CONVERSION = YES;
				CLANG_WARN_CONSTANT_CONVERSION = YES;
				CLANG_WARN_DIRECT_OBJC_ISA_USAGE = YES_ERROR;
				CLANG_WARN_EMPTY_BODY = YES;
				CLANG_WARN_ENUM_CONVERSION = YES;
				CLANG_WARN_INT_CONVERSION = YES;
				CLANG_WARN_OBJC_ROOT_CLASS = YES_ERROR;
				CLANG_WARN_UNREACHABLE_CODE = YES;
				CLANG_WARN__DUPLICATE_METHOD_MATCH = YES;
				"CODE_SIGN_IDENTITY[sdk=iphoneos*]" = "iPhone Developer";
				COPY_PHASE_STRIP = NO;
				DEBUG_INFORMATION_FORMAT = "dwarf-with-dsym";
				ENABLE_STRICT_OBJC_MSGSEND = YES;
				GCC_C_LANGUAGE_STANDARD = gnu99;
				GCC_DYNAMIC_NO_PIC = NO;
				GCC_NO_COMMON_BLOCKS = YES;
				GCC_OPTIMIZATION_LEVEL = 0;
				GCC_PREPROCESSOR_DEFINITIONS = (
					"DEBUG=1",
					"$(inherited)",
				);
				GCC_SYMBOLS_PRIVATE_EXTERN = NO;
				GCC_WARN_64_TO_32_BIT_CONVERSION = YES;
				GCC_WARN_ABOUT_RETURN_TYPE = YES_ERROR;
				GCC_WARN_UNDECLARED_SELECTOR = YES;
				GCC_WARN_UNINITIALIZED_AUTOS = YES_AGGRESSIVE;
				GCC_WARN_UNUSED_FUNCTION = YES;
				GCC_WARN_UNUSED_VARIABLE = YES;
				IPHONEOS_DEPLOYMENT_TARGET = 8.3;
				MTL_ENABLE_DEBUG_INFO = YES;
				ONLY_ACTIVE_ARCH = YES;
				SDKROOT = iphoneos;
			};
			name = Debug;
		};
		2740A2831B399B6B00ECE6EF /* Release */ = {
			isa = XCBuildConfiguration;
			buildSettings = {
				ALWAYS_SEARCH_USER_PATHS = NO;
				CLANG_CXX_LANGUAGE_STANDARD = "gnu++0x";
				CLANG_CXX_LIBRARY = "libc++";
				CLANG_ENABLE_MODULES = YES;
				CLANG_ENABLE_OBJC_ARC = YES;
				CLANG_WARN_BOOL_CONVERSION = YES;
				CLANG_WARN_CONSTANT_CONVERSION = YES;
				CLANG_WARN_DIRECT_OBJC_ISA_USAGE = YES_ERROR;
				CLANG_WARN_EMPTY_BODY = YES;
				CLANG_WARN_ENUM_CONVERSION = YES;
				CLANG_WARN_INT_CONVERSION = YES;
				CLANG_WARN_OBJC_ROOT_CLASS = YES_ERROR;
				CLANG_WARN_UNREACHABLE_CODE = YES;
				CLANG_WARN__DUPLICATE_METHOD_MATCH = YES;
				"CODE_SIGN_IDENTITY[sdk=iphoneos*]" = "iPhone Developer";
				COPY_PHASE_STRIP = NO;
				DEBUG_INFORMATION_FORMAT = "dwarf-with-dsym";
				ENABLE_NS_ASSERTIONS = NO;
				ENABLE_STRICT_OBJC_MSGSEND = YES;
				GCC_C_LANGUAGE_STANDARD = gnu99;
				GCC_NO_COMMON_BLOCKS = YES;
				GCC_WARN_64_TO_32_BIT_CONVERSION = YES;
				GCC_WARN_ABOUT_RETURN_TYPE = YES_ERROR;
				GCC_WARN_UNDECLARED_SELECTOR = YES;
				GCC_WARN_UNINITIALIZED_AUTOS = YES_AGGRESSIVE;
				GCC_WARN_UNUSED_FUNCTION = YES;
				GCC_WARN_UNUSED_VARIABLE = YES;
				IPHONEOS_DEPLOYMENT_TARGET = 8.3;
				MTL_ENABLE_DEBUG_INFO = NO;
				SDKROOT = iphoneos;
				VALIDATE_PRODUCT = YES;
			};
			name = Release;
		};
		2740A2851B399B6B00ECE6EF /* Debug */ = {
			isa = XCBuildConfiguration;
			buildSettings = {
				ASSETCATALOG_COMPILER_APPICON_NAME = AppIcon;
				INFOPLIST_FILE = ScrollViews/Info.plist;
				LD_RUNPATH_SEARCH_PATHS = "$(inherited) @executable_path/Frameworks";
				PRODUCT_NAME = "$(TARGET_NAME)";
			};
			name = Debug;
		};
		2740A2861B399B6B00ECE6EF /* Release */ = {
			isa = XCBuildConfiguration;
			buildSettings = {
				ASSETCATALOG_COMPILER_APPICON_NAME = AppIcon;
				INFOPLIST_FILE = ScrollViews/Info.plist;
				LD_RUNPATH_SEARCH_PATHS = "$(inherited) @executable_path/Frameworks";
				PRODUCT_NAME = "$(TARGET_NAME)";
			};
			name = Release;
		};
		2740A2881B399B6B00ECE6EF /* Debug */ = {
			isa = XCBuildConfiguration;
			buildSettings = {
				BUNDLE_LOADER = "$(TEST_HOST)";
				FRAMEWORK_SEARCH_PATHS = (
					"$(SDKROOT)/Developer/Library/Frameworks",
					"$(inherited)",
				);
				GCC_PREPROCESSOR_DEFINITIONS = (
					"DEBUG=1",
					"$(inherited)",
				);
				INFOPLIST_FILE = ScrollViewsTests/Info.plist;
				LD_RUNPATH_SEARCH_PATHS = "$(inherited) @executable_path/Frameworks @loader_path/Frameworks";
				PRODUCT_NAME = "$(TARGET_NAME)";
				TEST_HOST = "$(BUILT_PRODUCTS_DIR)/ScrollViews.app/ScrollViews";
			};
			name = Debug;
		};
		2740A2891B399B6B00ECE6EF /* Release */ = {
			isa = XCBuildConfiguration;
			buildSettings = {
				BUNDLE_LOADER = "$(TEST_HOST)";
				FRAMEWORK_SEARCH_PATHS = (
					"$(SDKROOT)/Developer/Library/Frameworks",
					"$(inherited)",
				);
				INFOPLIST_FILE = ScrollViewsTests/Info.plist;
				LD_RUNPATH_SEARCH_PATHS = "$(inherited) @executable_path/Frameworks @loader_path/Frameworks";
				PRODUCT_NAME = "$(TARGET_NAME)";
				TEST_HOST = "$(BUILT_PRODUCTS_DIR)/ScrollViews.app/ScrollViews";
			};
			name = Release;
		};
/* End XCBuildConfiguration section */

/* Begin XCConfigurationList section */
		2740A25C1B399B6A00ECE6EF /* Build configuration list for PBXProject "ScrollViews" */ = {
			isa = XCConfigurationList;
			buildConfigurations = (
				2740A2821B399B6B00ECE6EF /* Debug */,
				2740A2831B399B6B00ECE6EF /* Release */,
			);
			defaultConfigurationIsVisible = 0;
			defaultConfigurationName = Release;
		};
		2740A2841B399B6B00ECE6EF /* Build configuration list for PBXNativeTarget "ScrollViews" */ = {
			isa = XCConfigurationList;
			buildConfigurations = (
				2740A2851B399B6B00ECE6EF /* Debug */,
				2740A2861B399B6B00ECE6EF /* Release */,
			);
			defaultConfigurationIsVisible = 0;
		};
		2740A2871B399B6B00ECE6EF /* Build configuration list for PBXNativeTarget "ScrollViewsTests" */ = {
			isa = XCConfigurationList;
			buildConfigurations = (
				2740A2881B399B6B00ECE6EF /* Debug */,
				2740A2891B399B6B00ECE6EF /* Release */,
			);
			defaultConfigurationIsVisible = 0;
		};
/* End XCConfigurationList section */
	};
	rootObject = 2740A2591B399B6A00ECE6EF /* Project object */;
}
